{
    "name": "Scandela",
    "lockfileVersion": 2,
    "requires": true,
    "packages": {
        "": {
            "dependencies": {
                "auth0": "^4.0.1",
                "file-saver": "^2.0.5",
                "pdf-lib": "^1.17.1",
                "supercluster": "^8.0.1"
            },
            "devDependencies": {
                "@types/file-saver": "^2.0.5",
                "prettier": "^3.0.3"
            }
        },
        "node_modules/@pdf-lib/standard-fonts": {
            "version": "1.0.0",
            "resolved": "https://registry.npmjs.org/@pdf-lib/standard-fonts/-/standard-fonts-1.0.0.tgz",
            "integrity": "sha512-hU30BK9IUN/su0Mn9VdlVKsWBS6GyhVfqjwl1FjZN4TxP6cCw0jP2w7V3Hf5uX7M0AZJ16vey9yE0ny7Sa59ZA==",
            "dependencies": {
                "pako": "^1.0.6"
            }
        },
        "node_modules/@pdf-lib/upng": {
            "version": "1.0.1",
            "resolved": "https://registry.npmjs.org/@pdf-lib/upng/-/upng-1.0.1.tgz",
            "integrity": "sha512-dQK2FUMQtowVP00mtIksrlZhdFXQZPC+taih1q4CvPZ5vqdxR/LKBaFg0oAfzd1GlHZXXSPdQfzQnt+ViGvEIQ==",
            "dependencies": {
                "pako": "^1.0.10"
            }
        },
        "node_modules/@types/file-saver": {
            "version": "2.0.6",
            "resolved": "https://registry.npmjs.org/@types/file-saver/-/file-saver-2.0.6.tgz",
            "integrity": "sha512-Mw671DVqoMHbjw0w4v2iiOro01dlT/WhWp5uwecBa0Wg8c+bcZOjgF1ndBnlaxhtvFCgTRBtsGivSVhrK/vnag==",
            "dev": true
        },
        "node_modules/auth0": {
            "version": "4.0.1",
            "resolved": "https://registry.npmjs.org/auth0/-/auth0-4.0.1.tgz",
            "integrity": "sha512-/9GqIUF2rgIJypjXDB0zf9orVHKiOx5SV9ttLwmwbTcnGcDs+cdagxVrjzRHt4BNWvsrMOA2o+KCMm4yweijWg==",
            "dependencies": {
                "jose": "^4.13.2",
                "uuid": "^9.0.0"
            },
            "engines": {
                "node": ">=18"
            }
        },
        "node_modules/file-saver": {
            "version": "2.0.5",
            "resolved": "https://registry.npmjs.org/file-saver/-/file-saver-2.0.5.tgz",
            "integrity": "sha512-P9bmyZ3h/PRG+Nzga+rbdI4OEpNDzAVyy74uVO9ATgzLK6VtAsYybF/+TOCvrc0MO793d6+42lLyZTw7/ArVzA=="
        },
        "node_modules/jose": {
            "version": "4.15.4",
            "resolved": "https://registry.npmjs.org/jose/-/jose-4.15.4.tgz",
            "integrity": "sha512-W+oqK4H+r5sITxfxpSU+MMdr/YSWGvgZMQDIsNoBDGGy4i7GBPTtvFKibQzW06n3U3TqHjhvBJsirShsEJ6eeQ==",
            "funding": {
                "url": "https://github.com/sponsors/panva"
            }
        },
        "node_modules/kdbush": {
            "version": "4.0.2",
            "resolved": "https://registry.npmjs.org/kdbush/-/kdbush-4.0.2.tgz",
            "integrity": "sha512-WbCVYJ27Sz8zi9Q7Q0xHC+05iwkm3Znipc2XTlrnJbsHMYktW4hPhXUE8Ys1engBrvffoSCqbil1JQAa7clRpA=="
        },
        "node_modules/pako": {
            "version": "1.0.11",
            "resolved": "https://registry.npmjs.org/pako/-/pako-1.0.11.tgz",
            "integrity": "sha512-4hLB8Py4zZce5s4yd9XzopqwVv/yGNhV1Bl8NTmCq1763HeK2+EwVTv+leGeL13Dnh2wfbqowVPXCIO0z4taYw=="
        },
        "node_modules/pdf-lib": {
            "version": "1.17.1",
            "resolved": "https://registry.npmjs.org/pdf-lib/-/pdf-lib-1.17.1.tgz",
            "integrity": "sha512-V/mpyJAoTsN4cnP31vc0wfNA1+p20evqqnap0KLoRUN0Yk/p3wN52DOEsL4oBFcLdb76hlpKPtzJIgo67j/XLw==",
            "dependencies": {
                "@pdf-lib/standard-fonts": "^1.0.0",
                "@pdf-lib/upng": "^1.0.1",
                "pako": "^1.0.11",
                "tslib": "^1.11.1"
            }
        },
        "node_modules/prettier": {
            "version": "3.0.3",
            "resolved": "https://registry.npmjs.org/prettier/-/prettier-3.0.3.tgz",
            "integrity": "sha512-L/4pUDMxcNa8R/EthV08Zt42WBO4h1rarVtK0K+QJG0X187OLo7l699jWw0GKuwzkPQ//jMFA/8Xm6Fh3J/DAg==",
            "dev": true,
            "bin": {
                "prettier": "bin/prettier.cjs"
            },
            "engines": {
                "node": ">=14"
            },
            "funding": {
                "url": "https://github.com/prettier/prettier?sponsor=1"
            }
        },
        "node_modules/supercluster": {
            "version": "8.0.1",
            "resolved": "https://registry.npmjs.org/supercluster/-/supercluster-8.0.1.tgz",
            "integrity": "sha512-IiOea5kJ9iqzD2t7QJq/cREyLHTtSmUT6gQsweojg9WH2sYJqZK9SswTu6jrscO6D1G5v5vYZ9ru/eq85lXeZQ==",
            "dependencies": {
                "kdbush": "^4.0.2"
            }
        },
        "node_modules/tslib": {
            "version": "1.14.1",
            "resolved": "https://registry.npmjs.org/tslib/-/tslib-1.14.1.tgz",
            "integrity": "sha512-Xni35NKzjgMrwevysHTCArtLDpPvye8zV/0E4EyYn43P7/7qvQwPh9BGkHewbMulVntbigmcT7rdX3BNo9wRJg=="
        },
        "node_modules/uuid": {
            "version": "9.0.1",
            "resolved": "https://registry.npmjs.org/uuid/-/uuid-9.0.1.tgz",
            "integrity": "sha512-b+1eJOlsR9K8HJpow9Ok3fiWOWSIcIzXodvv0rQjVoOVNpWMpxf1wZNpt4y9h10odCNrqnYp1OBzRktckBe3sA==",
            "funding": [
                "https://github.com/sponsors/broofa",
                "https://github.com/sponsors/ctavan"
            ],
            "bin": {
                "uuid": "dist/bin/uuid"
            }
        }
    },
    "dependencies": {
        "@pdf-lib/standard-fonts": {
            "version": "1.0.0",
            "resolved": "https://registry.npmjs.org/@pdf-lib/standard-fonts/-/standard-fonts-1.0.0.tgz",
            "integrity": "sha512-hU30BK9IUN/su0Mn9VdlVKsWBS6GyhVfqjwl1FjZN4TxP6cCw0jP2w7V3Hf5uX7M0AZJ16vey9yE0ny7Sa59ZA==",
            "requires": {
                "pako": "^1.0.6"
            }
        },
        "@pdf-lib/upng": {
            "version": "1.0.1",
            "resolved": "https://registry.npmjs.org/@pdf-lib/upng/-/upng-1.0.1.tgz",
            "integrity": "sha512-dQK2FUMQtowVP00mtIksrlZhdFXQZPC+taih1q4CvPZ5vqdxR/LKBaFg0oAfzd1GlHZXXSPdQfzQnt+ViGvEIQ==",
            "requires": {
                "pako": "^1.0.10"
            }
        },
        "@types/file-saver": {
            "version": "2.0.6",
            "resolved": "https://registry.npmjs.org/@types/file-saver/-/file-saver-2.0.6.tgz",
            "integrity": "sha512-Mw671DVqoMHbjw0w4v2iiOro01dlT/WhWp5uwecBa0Wg8c+bcZOjgF1ndBnlaxhtvFCgTRBtsGivSVhrK/vnag==",
            "dev": true
        },
        "auth0": {
            "version": "4.0.1",
            "resolved": "https://registry.npmjs.org/auth0/-/auth0-4.0.1.tgz",
            "integrity": "sha512-/9GqIUF2rgIJypjXDB0zf9orVHKiOx5SV9ttLwmwbTcnGcDs+cdagxVrjzRHt4BNWvsrMOA2o+KCMm4yweijWg==",
            "requires": {
                "jose": "^4.13.2",
                "uuid": "^9.0.0"
            }
        },
        "file-saver": {
            "version": "2.0.5",
            "resolved": "https://registry.npmjs.org/file-saver/-/file-saver-2.0.5.tgz",
            "integrity": "sha512-P9bmyZ3h/PRG+Nzga+rbdI4OEpNDzAVyy74uVO9ATgzLK6VtAsYybF/+TOCvrc0MO793d6+42lLyZTw7/ArVzA=="
        },
        "jose": {
            "version": "4.15.4",
            "resolved": "https://registry.npmjs.org/jose/-/jose-4.15.4.tgz",
            "integrity": "sha512-W+oqK4H+r5sITxfxpSU+MMdr/YSWGvgZMQDIsNoBDGGy4i7GBPTtvFKibQzW06n3U3TqHjhvBJsirShsEJ6eeQ=="
        },
        "kdbush": {
            "version": "4.0.2",
            "resolved": "https://registry.npmjs.org/kdbush/-/kdbush-4.0.2.tgz",
            "integrity": "sha512-WbCVYJ27Sz8zi9Q7Q0xHC+05iwkm3Znipc2XTlrnJbsHMYktW4hPhXUE8Ys1engBrvffoSCqbil1JQAa7clRpA=="
        },
        "pako": {
            "version": "1.0.11",
            "resolved": "https://registry.npmjs.org/pako/-/pako-1.0.11.tgz",
            "integrity": "sha512-4hLB8Py4zZce5s4yd9XzopqwVv/yGNhV1Bl8NTmCq1763HeK2+EwVTv+leGeL13Dnh2wfbqowVPXCIO0z4taYw=="
        },
        "pdf-lib": {
            "version": "1.17.1",
            "resolved": "https://registry.npmjs.org/pdf-lib/-/pdf-lib-1.17.1.tgz",
            "integrity": "sha512-V/mpyJAoTsN4cnP31vc0wfNA1+p20evqqnap0KLoRUN0Yk/p3wN52DOEsL4oBFcLdb76hlpKPtzJIgo67j/XLw==",
            "requires": {
                "@pdf-lib/standard-fonts": "^1.0.0",
                "@pdf-lib/upng": "^1.0.1",
                "pako": "^1.0.11",
                "tslib": "^1.11.1"
            }
        },
        "prettier": {
            "version": "3.0.3",
            "resolved": "https://registry.npmjs.org/prettier/-/prettier-3.0.3.tgz",
            "integrity": "sha512-L/4pUDMxcNa8R/EthV08Zt42WBO4h1rarVtK0K+QJG0X187OLo7l699jWw0GKuwzkPQ//jMFA/8Xm6Fh3J/DAg==",
            "dev": true
        },
        "supercluster": {
            "version": "8.0.1",
            "resolved": "https://registry.npmjs.org/supercluster/-/supercluster-8.0.1.tgz",
            "integrity": "sha512-IiOea5kJ9iqzD2t7QJq/cREyLHTtSmUT6gQsweojg9WH2sYJqZK9SswTu6jrscO6D1G5v5vYZ9ru/eq85lXeZQ==",
            "requires": {
                "kdbush": "^4.0.2"
            }
        },
        "tslib": {
            "version": "1.14.1",
            "resolved": "https://registry.npmjs.org/tslib/-/tslib-1.14.1.tgz",
            "integrity": "sha512-Xni35NKzjgMrwevysHTCArtLDpPvye8zV/0E4EyYn43P7/7qvQwPh9BGkHewbMulVntbigmcT7rdX3BNo9wRJg=="
        },
        "uuid": {
            "version": "9.0.1",
            "resolved": "https://registry.npmjs.org/uuid/-/uuid-9.0.1.tgz",
            "integrity": "sha512-b+1eJOlsR9K8HJpow9Ok3fiWOWSIcIzXodvv0rQjVoOVNpWMpxf1wZNpt4y9h10odCNrqnYp1OBzRktckBe3sA=="
        }
    }
}
